// !$*UTF8*$!
{
	archiveVersion = 1;
	classes = {
	};
	objectVersion = 56;
	objects = {

/* Begin PBXBuildFile section */
		BC340EF42B4E9FCF00FBA119 /* ChooseYourDestinyGameApp.swift in Sources */ = {isa = PBXBuildFile; fileRef = BC340EF32B4E9FCF00FBA119 /* ChooseYourDestinyGameApp.swift */; };
		BC340EF82B4E9FD000FBA119 /* Assets.xcassets in Resources */ = {isa = PBXBuildFile; fileRef = BC340EF72B4E9FD000FBA119 /* Assets.xcassets */; };
		BC340EFB2B4E9FD000FBA119 /* Preview Assets.xcassets in Resources */ = {isa = PBXBuildFile; fileRef = BC340EFA2B4E9FD000FBA119 /* Preview Assets.xcassets */; };
		BC340F062B4EA16E00FBA119 /* StoriesView.swift in Sources */ = {isa = PBXBuildFile; fileRef = BC340F052B4EA16E00FBA119 /* StoriesView.swift */; };
		BC340F0B2B4EA1ED00FBA119 /* ResourceModel.swift in Sources */ = {isa = PBXBuildFile; fileRef = BC340F0A2B4EA1ED00FBA119 /* ResourceModel.swift */; };
		BC340F0D2B4EA23C00FBA119 /* ChoiceModel.swift in Sources */ = {isa = PBXBuildFile; fileRef = BC340F0C2B4EA23C00FBA119 /* ChoiceModel.swift */; };
		BC340F0F2B4EA47300FBA119 /* ScenarioModel.swift in Sources */ = {isa = PBXBuildFile; fileRef = BC340F0E2B4EA47300FBA119 /* ScenarioModel.swift */; };
		BC340F112B4EA4C700FBA119 /* StoryModel.swift in Sources */ = {isa = PBXBuildFile; fileRef = BC340F102B4EA4C700FBA119 /* StoryModel.swift */; };
		BC340F162B4EA71500FBA119 /* Auth in Frameworks */ = {isa = PBXBuildFile; productRef = BC340F152B4EA71500FBA119 /* Auth */; };
		BC340F182B4EA71500FBA119 /* Functions in Frameworks */ = {isa = PBXBuildFile; productRef = BC340F172B4EA71500FBA119 /* Functions */; };
		BC340F1A2B4EA71500FBA119 /* PostgREST in Frameworks */ = {isa = PBXBuildFile; productRef = BC340F192B4EA71500FBA119 /* PostgREST */; };
		BC340F1C2B4EA71500FBA119 /* Realtime in Frameworks */ = {isa = PBXBuildFile; productRef = BC340F1B2B4EA71500FBA119 /* Realtime */; };
		BC340F1E2B4EA71500FBA119 /* Storage in Frameworks */ = {isa = PBXBuildFile; productRef = BC340F1D2B4EA71500FBA119 /* Storage */; };
		BC340F202B4EA72700FBA119 /* SupabaseSession.swift in Sources */ = {isa = PBXBuildFile; fileRef = BC340F1F2B4EA72700FBA119 /* SupabaseSession.swift */; };
		BC340F222B4EA76300FBA119 /* Auth in Frameworks */ = {isa = PBXBuildFile; productRef = BC340F212B4EA76300FBA119 /* Auth */; };
		BC340F242B4EA76300FBA119 /* Functions in Frameworks */ = {isa = PBXBuildFile; productRef = BC340F232B4EA76300FBA119 /* Functions */; };
		BC340F262B4EA76300FBA119 /* PostgREST in Frameworks */ = {isa = PBXBuildFile; productRef = BC340F252B4EA76300FBA119 /* PostgREST */; };
		BC340F282B4EA76300FBA119 /* Realtime in Frameworks */ = {isa = PBXBuildFile; productRef = BC340F272B4EA76300FBA119 /* Realtime */; };
		BC340F2A2B4EA76300FBA119 /* Storage in Frameworks */ = {isa = PBXBuildFile; productRef = BC340F292B4EA76300FBA119 /* Storage */; };
		BC340F2C2B4EA78200FBA119 /* Auth in Frameworks */ = {isa = PBXBuildFile; productRef = BC340F2B2B4EA78200FBA119 /* Auth */; };
		BC340F2E2B4EA78200FBA119 /* Functions in Frameworks */ = {isa = PBXBuildFile; productRef = BC340F2D2B4EA78200FBA119 /* Functions */; };
		BC340F302B4EA78200FBA119 /* PostgREST in Frameworks */ = {isa = PBXBuildFile; productRef = BC340F2F2B4EA78200FBA119 /* PostgREST */; };
		BC340F322B4EA78200FBA119 /* Realtime in Frameworks */ = {isa = PBXBuildFile; productRef = BC340F312B4EA78200FBA119 /* Realtime */; };
		BC340F342B4EA78200FBA119 /* Storage in Frameworks */ = {isa = PBXBuildFile; productRef = BC340F332B4EA78200FBA119 /* Storage */; };
		BC7298822B53F80E0012B797 /* StoryHelper.swift in Sources */ = {isa = PBXBuildFile; fileRef = BC7298812B53F80E0012B797 /* StoryHelper.swift */; };
		BC8AAEF32B56B28C001069BB /* ResourceDTO.swift in Sources */ = {isa = PBXBuildFile; fileRef = BC8AAEF22B56B28C001069BB /* ResourceDTO.swift */; };
		BC8AAEF52B56B43D001069BB /* ChoiceDTO.swift in Sources */ = {isa = PBXBuildFile; fileRef = BC8AAEF42B56B43D001069BB /* ChoiceDTO.swift */; };
		BC8AAEF72B56B4F8001069BB /* ScenarioDTO.swift in Sources */ = {isa = PBXBuildFile; fileRef = BC8AAEF62B56B4F8001069BB /* ScenarioDTO.swift */; };
		BC8AAEF92B56B54F001069BB /* StoryDTO.swift in Sources */ = {isa = PBXBuildFile; fileRef = BC8AAEF82B56B54F001069BB /* StoryDTO.swift */; };
		BC8AAEFB2B56B5B5001069BB /* StoryHistoryDTO.swift in Sources */ = {isa = PBXBuildFile; fileRef = BC8AAEFA2B56B5B5001069BB /* StoryHistoryDTO.swift */; };
		BC8AAEFD2B56B721001069BB /* GameStateDTO.swift in Sources */ = {isa = PBXBuildFile; fileRef = BC8AAEFC2B56B721001069BB /* GameStateDTO.swift */; };
		BC8AAF002B56E38E001069BB /* StoryExtensions.swift in Sources */ = {isa = PBXBuildFile; fileRef = BC8AAEFF2B56E38E001069BB /* StoryExtensions.swift */; };
		BC8AAF052B570784001069BB /* Configuration.swift in Sources */ = {isa = PBXBuildFile; fileRef = BC8AAF042B570784001069BB /* Configuration.swift */; };
		BCCF85512B4EA80F00F99CD7 /* Auth in Frameworks */ = {isa = PBXBuildFile; productRef = BCCF85502B4EA80F00F99CD7 /* Auth */; };
		BCCF85532B4EA80F00F99CD7 /* Functions in Frameworks */ = {isa = PBXBuildFile; productRef = BCCF85522B4EA80F00F99CD7 /* Functions */; };
		BCCF85552B4EA80F00F99CD7 /* PostgREST in Frameworks */ = {isa = PBXBuildFile; productRef = BCCF85542B4EA80F00F99CD7 /* PostgREST */; };
		BCCF85572B4EA80F00F99CD7 /* Realtime in Frameworks */ = {isa = PBXBuildFile; productRef = BCCF85562B4EA80F00F99CD7 /* Realtime */; };
		BCCF85592B4EA80F00F99CD7 /* Storage in Frameworks */ = {isa = PBXBuildFile; productRef = BCCF85582B4EA80F00F99CD7 /* Storage */; };
		BCCF855B2B4EA80F00F99CD7 /* Supabase in Frameworks */ = {isa = PBXBuildFile; productRef = BCCF855A2B4EA80F00F99CD7 /* Supabase */; };
		BCCF855D2B4EA85F00F99CD7 /* StoryRemoteDataSource.swift in Sources */ = {isa = PBXBuildFile; fileRef = BCCF855C2B4EA85F00F99CD7 /* StoryRemoteDataSource.swift */; };
		BCCF855F2B4EAAAE00F99CD7 /* StoryManager.swift in Sources */ = {isa = PBXBuildFile; fileRef = BCCF855E2B4EAAAE00F99CD7 /* StoryManager.swift */; };
		BCCF85612B4EBC7700F99CD7 /* StoryDetailView.swift in Sources */ = {isa = PBXBuildFile; fileRef = BCCF85602B4EBC7700F99CD7 /* StoryDetailView.swift */; };
		BCCF85642B4EC11400F99CD7 /* NavigationManager.swift in Sources */ = {isa = PBXBuildFile; fileRef = BCCF85632B4EC11400F99CD7 /* NavigationManager.swift */; };
		BCCF85662B4EC13E00F99CD7 /* NavigationState.swift in Sources */ = {isa = PBXBuildFile; fileRef = BCCF85652B4EC13E00F99CD7 /* NavigationState.swift */; };
		BCCF85692B4EC37B00F99CD7 /* RootView.swift in Sources */ = {isa = PBXBuildFile; fileRef = BCCF85682B4EC37B00F99CD7 /* RootView.swift */; };
		BCCF856B2B4EE8FF00F99CD7 /* StoryListRow.swift in Sources */ = {isa = PBXBuildFile; fileRef = BCCF856A2B4EE8FF00F99CD7 /* StoryListRow.swift */; };
		BCCF856F2B4EF68200F99CD7 /* ScenarioCard.swift in Sources */ = {isa = PBXBuildFile; fileRef = BCCF856E2B4EF68200F99CD7 /* ScenarioCard.swift */; };
		BCCF85712B4EFB6C00F99CD7 /* ResourceBar.swift in Sources */ = {isa = PBXBuildFile; fileRef = BCCF85702B4EFB6C00F99CD7 /* ResourceBar.swift */; };
		BCCF85732B4EFC5600F99CD7 /* GameManager.swift in Sources */ = {isa = PBXBuildFile; fileRef = BCCF85722B4EFC5600F99CD7 /* GameManager.swift */; };
		BCCF85772B4F06D300F99CD7 /* LocalStoriesView.swift in Sources */ = {isa = PBXBuildFile; fileRef = BCCF85762B4F06D300F99CD7 /* LocalStoriesView.swift */; };
		BCCF85792B4F099500F99CD7 /* LocalStoryDetailView.swift in Sources */ = {isa = PBXBuildFile; fileRef = BCCF85782B4F099500F99CD7 /* LocalStoryDetailView.swift */; };
		BCCF857B2B4F1D3600F99CD7 /* LocalStoryListRow.swift in Sources */ = {isa = PBXBuildFile; fileRef = BCCF857A2B4F1D3600F99CD7 /* LocalStoryListRow.swift */; };
		BCCF857D2B4F42C200F99CD7 /* GameState.swift in Sources */ = {isa = PBXBuildFile; fileRef = BCCF857C2B4F42C200F99CD7 /* GameState.swift */; };
/* End PBXBuildFile section */

/* Begin PBXFileReference section */
		BC340EF02B4E9FCF00FBA119 /* ChooseYourDestinyGame.app */ = {isa = PBXFileReference; explicitFileType = wrapper.application; includeInIndex = 0; path = ChooseYourDestinyGame.app; sourceTree = BUILT_PRODUCTS_DIR; };
		BC340EF32B4E9FCF00FBA119 /* ChooseYourDestinyGameApp.swift */ = {isa = PBXFileReference; lastKnownFileType = sourcecode.swift; path = ChooseYourDestinyGameApp.swift; sourceTree = "<group>"; };
		BC340EF72B4E9FD000FBA119 /* Assets.xcassets */ = {isa = PBXFileReference; lastKnownFileType = folder.assetcatalog; path = Assets.xcassets; sourceTree = "<group>"; };
		BC340EFA2B4E9FD000FBA119 /* Preview Assets.xcassets */ = {isa = PBXFileReference; lastKnownFileType = folder.assetcatalog; path = "Preview Assets.xcassets"; sourceTree = "<group>"; };
		BC340F052B4EA16E00FBA119 /* StoriesView.swift */ = {isa = PBXFileReference; lastKnownFileType = sourcecode.swift; path = StoriesView.swift; sourceTree = "<group>"; };
		BC340F0A2B4EA1ED00FBA119 /* ResourceModel.swift */ = {isa = PBXFileReference; lastKnownFileType = sourcecode.swift; path = ResourceModel.swift; sourceTree = "<group>"; };
		BC340F0C2B4EA23C00FBA119 /* ChoiceModel.swift */ = {isa = PBXFileReference; lastKnownFileType = sourcecode.swift; path = ChoiceModel.swift; sourceTree = "<group>"; };
		BC340F0E2B4EA47300FBA119 /* ScenarioModel.swift */ = {isa = PBXFileReference; lastKnownFileType = sourcecode.swift; path = ScenarioModel.swift; sourceTree = "<group>"; };
		BC340F102B4EA4C700FBA119 /* StoryModel.swift */ = {isa = PBXFileReference; lastKnownFileType = sourcecode.swift; path = StoryModel.swift; sourceTree = "<group>"; };
		BC340F1F2B4EA72700FBA119 /* SupabaseSession.swift */ = {isa = PBXFileReference; lastKnownFileType = sourcecode.swift; path = SupabaseSession.swift; sourceTree = "<group>"; };
		BC7298812B53F80E0012B797 /* StoryHelper.swift */ = {isa = PBXFileReference; lastKnownFileType = sourcecode.swift; path = StoryHelper.swift; sourceTree = "<group>"; };
		BC8AAEF22B56B28C001069BB /* ResourceDTO.swift */ = {isa = PBXFileReference; lastKnownFileType = sourcecode.swift; path = ResourceDTO.swift; sourceTree = "<group>"; };
		BC8AAEF42B56B43D001069BB /* ChoiceDTO.swift */ = {isa = PBXFileReference; lastKnownFileType = sourcecode.swift; path = ChoiceDTO.swift; sourceTree = "<group>"; };
		BC8AAEF62B56B4F8001069BB /* ScenarioDTO.swift */ = {isa = PBXFileReference; lastKnownFileType = sourcecode.swift; path = ScenarioDTO.swift; sourceTree = "<group>"; };
		BC8AAEF82B56B54F001069BB /* StoryDTO.swift */ = {isa = PBXFileReference; lastKnownFileType = sourcecode.swift; path = StoryDTO.swift; sourceTree = "<group>"; };
		BC8AAEFA2B56B5B5001069BB /* StoryHistoryDTO.swift */ = {isa = PBXFileReference; lastKnownFileType = sourcecode.swift; path = StoryHistoryDTO.swift; sourceTree = "<group>"; };
		BC8AAEFC2B56B721001069BB /* GameStateDTO.swift */ = {isa = PBXFileReference; lastKnownFileType = sourcecode.swift; path = GameStateDTO.swift; sourceTree = "<group>"; };
		BC8AAEFF2B56E38E001069BB /* StoryExtensions.swift */ = {isa = PBXFileReference; lastKnownFileType = sourcecode.swift; path = StoryExtensions.swift; sourceTree = "<group>"; };
		BC8AAF022B570591001069BB /* Info.plist */ = {isa = PBXFileReference; lastKnownFileType = text.plist; path = Info.plist; sourceTree = "<group>"; };
		BC8AAF042B570784001069BB /* Configuration.swift */ = {isa = PBXFileReference; lastKnownFileType = sourcecode.swift; path = Configuration.swift; sourceTree = "<group>"; };
		BCCF855C2B4EA85F00F99CD7 /* StoryRemoteDataSource.swift */ = {isa = PBXFileReference; lastKnownFileType = sourcecode.swift; path = StoryRemoteDataSource.swift; sourceTree = "<group>"; };
		BCCF855E2B4EAAAE00F99CD7 /* StoryManager.swift */ = {isa = PBXFileReference; lastKnownFileType = sourcecode.swift; path = StoryManager.swift; sourceTree = "<group>"; };
		BCCF85602B4EBC7700F99CD7 /* StoryDetailView.swift */ = {isa = PBXFileReference; lastKnownFileType = sourcecode.swift; path = StoryDetailView.swift; sourceTree = "<group>"; };
		BCCF85632B4EC11400F99CD7 /* NavigationManager.swift */ = {isa = PBXFileReference; lastKnownFileType = sourcecode.swift; path = NavigationManager.swift; sourceTree = "<group>"; };
		BCCF85652B4EC13E00F99CD7 /* NavigationState.swift */ = {isa = PBXFileReference; lastKnownFileType = sourcecode.swift; path = NavigationState.swift; sourceTree = "<group>"; };
		BCCF85682B4EC37B00F99CD7 /* RootView.swift */ = {isa = PBXFileReference; lastKnownFileType = sourcecode.swift; path = RootView.swift; sourceTree = "<group>"; };
		BCCF856A2B4EE8FF00F99CD7 /* StoryListRow.swift */ = {isa = PBXFileReference; lastKnownFileType = sourcecode.swift; path = StoryListRow.swift; sourceTree = "<group>"; };
		BCCF856E2B4EF68200F99CD7 /* ScenarioCard.swift */ = {isa = PBXFileReference; lastKnownFileType = sourcecode.swift; path = ScenarioCard.swift; sourceTree = "<group>"; };
		BCCF85702B4EFB6C00F99CD7 /* ResourceBar.swift */ = {isa = PBXFileReference; lastKnownFileType = sourcecode.swift; path = ResourceBar.swift; sourceTree = "<group>"; };
		BCCF85722B4EFC5600F99CD7 /* GameManager.swift */ = {isa = PBXFileReference; lastKnownFileType = sourcecode.swift; path = GameManager.swift; sourceTree = "<group>"; };
		BCCF85762B4F06D300F99CD7 /* LocalStoriesView.swift */ = {isa = PBXFileReference; lastKnownFileType = sourcecode.swift; path = LocalStoriesView.swift; sourceTree = "<group>"; };
		BCCF85782B4F099500F99CD7 /* LocalStoryDetailView.swift */ = {isa = PBXFileReference; lastKnownFileType = sourcecode.swift; path = LocalStoryDetailView.swift; sourceTree = "<group>"; };
		BCCF857A2B4F1D3600F99CD7 /* LocalStoryListRow.swift */ = {isa = PBXFileReference; lastKnownFileType = sourcecode.swift; path = LocalStoryListRow.swift; sourceTree = "<group>"; };
		BCCF857C2B4F42C200F99CD7 /* GameState.swift */ = {isa = PBXFileReference; lastKnownFileType = sourcecode.swift; path = GameState.swift; sourceTree = "<group>"; };
/* End PBXFileReference section */

/* Begin PBXFrameworksBuildPhase section */
		BC340EED2B4E9FCF00FBA119 /* Frameworks */ = {
			isa = PBXFrameworksBuildPhase;
			buildActionMask = 2147483647;
			files = (
				BC340F282B4EA76300FBA119 /* Realtime in Frameworks */,
				BC340F1A2B4EA71500FBA119 /* PostgREST in Frameworks */,
				BC340F182B4EA71500FBA119 /* Functions in Frameworks */,
				BC340F342B4EA78200FBA119 /* Storage in Frameworks */,
				BC340F222B4EA76300FBA119 /* Auth in Frameworks */,
				BC340F162B4EA71500FBA119 /* Auth in Frameworks */,
				BCCF85512B4EA80F00F99CD7 /* Auth in Frameworks */,
				BC340F262B4EA76300FBA119 /* PostgREST in Frameworks */,
				BCCF85592B4EA80F00F99CD7 /* Storage in Frameworks */,
				BC340F302B4EA78200FBA119 /* PostgREST in Frameworks */,
				BC340F322B4EA78200FBA119 /* Realtime in Frameworks */,
				BC340F2E2B4EA78200FBA119 /* Functions in Frameworks */,
				BC340F242B4EA76300FBA119 /* Functions in Frameworks */,
				BCCF85552B4EA80F00F99CD7 /* PostgREST in Frameworks */,
				BCCF855B2B4EA80F00F99CD7 /* Supabase in Frameworks */,
				BC340F1E2B4EA71500FBA119 /* Storage in Frameworks */,
				BC340F2A2B4EA76300FBA119 /* Storage in Frameworks */,
				BC340F2C2B4EA78200FBA119 /* Auth in Frameworks */,
				BC340F1C2B4EA71500FBA119 /* Realtime in Frameworks */,
				BCCF85572B4EA80F00F99CD7 /* Realtime in Frameworks */,
				BCCF85532B4EA80F00F99CD7 /* Functions in Frameworks */,
			);
			runOnlyForDeploymentPostprocessing = 0;
		};
/* End PBXFrameworksBuildPhase section */

/* Begin PBXGroup section */
		BC340EE72B4E9FCF00FBA119 = {
			isa = PBXGroup;
			children = (
				BC340EF22B4E9FCF00FBA119 /* ChooseYourDestinyGame */,
				BC340EF12B4E9FCF00FBA119 /* Products */,
			);
			sourceTree = "<group>";
		};
		BC340EF12B4E9FCF00FBA119 /* Products */ = {
			isa = PBXGroup;
			children = (
				BC340EF02B4E9FCF00FBA119 /* ChooseYourDestinyGame.app */,
			);
			name = Products;
			sourceTree = "<group>";
		};
		BC340EF22B4E9FCF00FBA119 /* ChooseYourDestinyGame */ = {
			isa = PBXGroup;
			children = (
				BC8AAF022B570591001069BB /* Info.plist */,
				BC8AAF062B570914001069BB /* Configuration */,
				BCCF85622B4EC10600F99CD7 /* Shared */,
				BC340F012B4EA14A00FBA119 /* Features */,
				BC340EF72B4E9FD000FBA119 /* Assets.xcassets */,
				BC340EF92B4E9FD000FBA119 /* Preview Content */,
			);
			path = ChooseYourDestinyGame;
			sourceTree = "<group>";
		};
		BC340EF92B4E9FD000FBA119 /* Preview Content */ = {
			isa = PBXGroup;
			children = (
				BC340EFA2B4E9FD000FBA119 /* Preview Assets.xcassets */,
			);
			path = "Preview Content";
			sourceTree = "<group>";
		};
		BC340F012B4EA14A00FBA119 /* Features */ = {
			isa = PBXGroup;
			children = (
				BC340F022B4EA15000FBA119 /* Story */,
				BCCF85672B4EC37000F99CD7 /* Root */,
				BCCF857E2B4FFFC400F99CD7 /* Onboarding */,
				BCCF85802B4FFFD400F99CD7 /* Menu */,
				BCCF857F2B4FFFCB00F99CD7 /* Credits */,
				BC340EF32B4E9FCF00FBA119 /* ChooseYourDestinyGameApp.swift */,
			);
			path = Features;
			sourceTree = "<group>";
		};
		BC340F022B4EA15000FBA119 /* Story */ = {
			isa = PBXGroup;
			children = (
				BC8AAEFE2B56E36E001069BB /* Extensions */,
				BC8AAEF12B56AD4D001069BB /* DTOs */,
				BC7298802B53F8030012B797 /* Helpers */,
				BC340F132B4EA6F600FBA119 /* DataSources */,
				BC340F122B4EA6EE00FBA119 /* Managers */,
				BC340F092B4EA1DC00FBA119 /* Models */,
				BC340F082B4EA1CE00FBA119 /* Views */,
			);
			path = Story;
			sourceTree = "<group>";
		};
		BC340F082B4EA1CE00FBA119 /* Views */ = {
			isa = PBXGroup;
			children = (
				BC340F052B4EA16E00FBA119 /* StoriesView.swift */,
				BCCF85602B4EBC7700F99CD7 /* StoryDetailView.swift */,
				BCCF85762B4F06D300F99CD7 /* LocalStoriesView.swift */,
				BCCF85782B4F099500F99CD7 /* LocalStoryDetailView.swift */,
				BCCF85812B50006700F99CD7 /* Widgets */,
			);
			path = Views;
			sourceTree = "<group>";
		};
		BC340F092B4EA1DC00FBA119 /* Models */ = {
			isa = PBXGroup;
			children = (
				BC340F0A2B4EA1ED00FBA119 /* ResourceModel.swift */,
				BC340F0C2B4EA23C00FBA119 /* ChoiceModel.swift */,
				BC340F0E2B4EA47300FBA119 /* ScenarioModel.swift */,
				BC340F102B4EA4C700FBA119 /* StoryModel.swift */,
				BCCF857C2B4F42C200F99CD7 /* GameState.swift */,
			);
			path = Models;
			sourceTree = "<group>";
		};
		BC340F122B4EA6EE00FBA119 /* Managers */ = {
			isa = PBXGroup;
			children = (
				BCCF855E2B4EAAAE00F99CD7 /* StoryManager.swift */,
				BCCF85722B4EFC5600F99CD7 /* GameManager.swift */,
			);
			path = Managers;
			sourceTree = "<group>";
		};
		BC340F132B4EA6F600FBA119 /* DataSources */ = {
			isa = PBXGroup;
			children = (
				BCCF855C2B4EA85F00F99CD7 /* StoryRemoteDataSource.swift */,
			);
			path = DataSources;
			sourceTree = "<group>";
		};
		BC7298802B53F8030012B797 /* Helpers */ = {
			isa = PBXGroup;
			children = (
				BC7298812B53F80E0012B797 /* StoryHelper.swift */,
			);
			path = Helpers;
			sourceTree = "<group>";
		};
		BC8AAEF12B56AD4D001069BB /* DTOs */ = {
			isa = PBXGroup;
			children = (
				BC8AAEF22B56B28C001069BB /* ResourceDTO.swift */,
				BC8AAEF42B56B43D001069BB /* ChoiceDTO.swift */,
				BC8AAEF62B56B4F8001069BB /* ScenarioDTO.swift */,
				BC8AAEF82B56B54F001069BB /* StoryDTO.swift */,
				BC8AAEFA2B56B5B5001069BB /* StoryHistoryDTO.swift */,
				BC8AAEFC2B56B721001069BB /* GameStateDTO.swift */,
			);
			path = DTOs;
			sourceTree = "<group>";
		};
		BC8AAEFE2B56E36E001069BB /* Extensions */ = {
			isa = PBXGroup;
			children = (
				BC8AAEFF2B56E38E001069BB /* StoryExtensions.swift */,
			);
			path = Extensions;
			sourceTree = "<group>";
		};
		BC8AAF062B570914001069BB /* Configuration */ = {
			isa = PBXGroup;
			children = (
			);
			path = Configuration;
			sourceTree = "<group>";
		};
		BCCF85622B4EC10600F99CD7 /* Shared */ = {
			isa = PBXGroup;
			children = (
				BC340F1F2B4EA72700FBA119 /* SupabaseSession.swift */,
				BCCF85632B4EC11400F99CD7 /* NavigationManager.swift */,
				BCCF85652B4EC13E00F99CD7 /* NavigationState.swift */,
				BC8AAF042B570784001069BB /* Configuration.swift */,
			);
			path = Shared;
			sourceTree = "<group>";
		};
		BCCF85672B4EC37000F99CD7 /* Root */ = {
			isa = PBXGroup;
			children = (
				BCCF85682B4EC37B00F99CD7 /* RootView.swift */,
			);
			path = Root;
			sourceTree = "<group>";
		};
		BCCF857E2B4FFFC400F99CD7 /* Onboarding */ = {
			isa = PBXGroup;
			children = (
			);
			path = Onboarding;
			sourceTree = "<group>";
		};
		BCCF857F2B4FFFCB00F99CD7 /* Credits */ = {
			isa = PBXGroup;
			children = (
			);
			path = Credits;
			sourceTree = "<group>";
		};
		BCCF85802B4FFFD400F99CD7 /* Menu */ = {
			isa = PBXGroup;
			children = (
			);
			path = Menu;
			sourceTree = "<group>";
		};
		BCCF85812B50006700F99CD7 /* Widgets */ = {
			isa = PBXGroup;
			children = (
				BCCF85702B4EFB6C00F99CD7 /* ResourceBar.swift */,
				BCCF856E2B4EF68200F99CD7 /* ScenarioCard.swift */,
				BCCF856A2B4EE8FF00F99CD7 /* StoryListRow.swift */,
				BCCF857A2B4F1D3600F99CD7 /* LocalStoryListRow.swift */,
			);
			path = Widgets;
			sourceTree = "<group>";
		};
/* End PBXGroup section */

/* Begin PBXNativeTarget section */
		BC340EEF2B4E9FCF00FBA119 /* ChooseYourDestinyGame */ = {
			isa = PBXNativeTarget;
			buildConfigurationList = BC340EFE2B4E9FD000FBA119 /* Build configuration list for PBXNativeTarget "ChooseYourDestinyGame" */;
			buildPhases = (
				BC340EEC2B4E9FCF00FBA119 /* Sources */,
				BC340EED2B4E9FCF00FBA119 /* Frameworks */,
				BC340EEE2B4E9FCF00FBA119 /* Resources */,
			);
			buildRules = (
			);
			dependencies = (
			);
			name = ChooseYourDestinyGame;
			packageProductDependencies = (
				BC340F152B4EA71500FBA119 /* Auth */,
				BC340F172B4EA71500FBA119 /* Functions */,
				BC340F192B4EA71500FBA119 /* PostgREST */,
				BC340F1B2B4EA71500FBA119 /* Realtime */,
				BC340F1D2B4EA71500FBA119 /* Storage */,
				BC340F212B4EA76300FBA119 /* Auth */,
				BC340F232B4EA76300FBA119 /* Functions */,
				BC340F252B4EA76300FBA119 /* PostgREST */,
				BC340F272B4EA76300FBA119 /* Realtime */,
				BC340F292B4EA76300FBA119 /* Storage */,
				BC340F2B2B4EA78200FBA119 /* Auth */,
				BC340F2D2B4EA78200FBA119 /* Functions */,
				BC340F2F2B4EA78200FBA119 /* PostgREST */,
				BC340F312B4EA78200FBA119 /* Realtime */,
				BC340F332B4EA78200FBA119 /* Storage */,
				BCCF85502B4EA80F00F99CD7 /* Auth */,
				BCCF85522B4EA80F00F99CD7 /* Functions */,
				BCCF85542B4EA80F00F99CD7 /* PostgREST */,
				BCCF85562B4EA80F00F99CD7 /* Realtime */,
				BCCF85582B4EA80F00F99CD7 /* Storage */,
				BCCF855A2B4EA80F00F99CD7 /* Supabase */,
			);
			productName = ChooseYourDestinyGame;
			productReference = BC340EF02B4E9FCF00FBA119 /* ChooseYourDestinyGame.app */;
			productType = "com.apple.product-type.application";
		};
/* End PBXNativeTarget section */

/* Begin PBXProject section */
		BC340EE82B4E9FCF00FBA119 /* Project object */ = {
			isa = PBXProject;
			attributes = {
				BuildIndependentTargetsInParallel = 1;
				LastSwiftUpdateCheck = 1500;
				LastUpgradeCheck = 1500;
				TargetAttributes = {
					BC340EEF2B4E9FCF00FBA119 = {
						CreatedOnToolsVersion = 15.0.1;
					};
				};
			};
			buildConfigurationList = BC340EEB2B4E9FCF00FBA119 /* Build configuration list for PBXProject "ChooseYourDestinyGame" */;
			compatibilityVersion = "Xcode 14.0";
			developmentRegion = en;
			hasScannedForEncodings = 0;
			knownRegions = (
				en,
				Base,
			);
			mainGroup = BC340EE72B4E9FCF00FBA119;
			packageReferences = (
				BC340F142B4EA71500FBA119 /* XCRemoteSwiftPackageReference "supabase-swift" */,
			);
			productRefGroup = BC340EF12B4E9FCF00FBA119 /* Products */;
			projectDirPath = "";
			projectRoot = "";
			targets = (
				BC340EEF2B4E9FCF00FBA119 /* ChooseYourDestinyGame */,
			);
		};
/* End PBXProject section */

/* Begin PBXResourcesBuildPhase section */
		BC340EEE2B4E9FCF00FBA119 /* Resources */ = {
			isa = PBXResourcesBuildPhase;
			buildActionMask = 2147483647;
			files = (
				BC340EFB2B4E9FD000FBA119 /* Preview Assets.xcassets in Resources */,
				BC340EF82B4E9FD000FBA119 /* Assets.xcassets in Resources */,
			);
			runOnlyForDeploymentPostprocessing = 0;
		};
/* End PBXResourcesBuildPhase section */

/* Begin PBXSourcesBuildPhase section */
		BC340EEC2B4E9FCF00FBA119 /* Sources */ = {
			isa = PBXSourcesBuildPhase;
			buildActionMask = 2147483647;
			files = (
				BC340F202B4EA72700FBA119 /* SupabaseSession.swift in Sources */,
				BCCF85662B4EC13E00F99CD7 /* NavigationState.swift in Sources */,
				BC340EF42B4E9FCF00FBA119 /* ChooseYourDestinyGameApp.swift in Sources */,
				BC8AAEF32B56B28C001069BB /* ResourceDTO.swift in Sources */,
				BCCF85792B4F099500F99CD7 /* LocalStoryDetailView.swift in Sources */,
				BCCF855F2B4EAAAE00F99CD7 /* StoryManager.swift in Sources */,
				BC8AAF052B570784001069BB /* Configuration.swift in Sources */,
				BCCF85642B4EC11400F99CD7 /* NavigationManager.swift in Sources */,
				BCCF85712B4EFB6C00F99CD7 /* ResourceBar.swift in Sources */,
				BC340F062B4EA16E00FBA119 /* StoriesView.swift in Sources */,
				BC340F0B2B4EA1ED00FBA119 /* ResourceModel.swift in Sources */,
				BC8AAEF72B56B4F8001069BB /* ScenarioDTO.swift in Sources */,
				BC340F0D2B4EA23C00FBA119 /* ChoiceModel.swift in Sources */,
				BC8AAF002B56E38E001069BB /* StoryExtensions.swift in Sources */,
				BCCF85732B4EFC5600F99CD7 /* GameManager.swift in Sources */,
				BCCF857D2B4F42C200F99CD7 /* GameState.swift in Sources */,
				BCCF855D2B4EA85F00F99CD7 /* StoryRemoteDataSource.swift in Sources */,
				BCCF85772B4F06D300F99CD7 /* LocalStoriesView.swift in Sources */,
				BCCF85692B4EC37B00F99CD7 /* RootView.swift in Sources */,
				BC8AAEF92B56B54F001069BB /* StoryDTO.swift in Sources */,
				BCCF856B2B4EE8FF00F99CD7 /* StoryListRow.swift in Sources */,
				BC8AAEF52B56B43D001069BB /* ChoiceDTO.swift in Sources */,
				BCCF857B2B4F1D3600F99CD7 /* LocalStoryListRow.swift in Sources */,
				BCCF856F2B4EF68200F99CD7 /* ScenarioCard.swift in Sources */,
				BCCF85612B4EBC7700F99CD7 /* StoryDetailView.swift in Sources */,
				BC340F0F2B4EA47300FBA119 /* ScenarioModel.swift in Sources */,
				BC8AAEFD2B56B721001069BB /* GameStateDTO.swift in Sources */,
				BC340F112B4EA4C700FBA119 /* StoryModel.swift in Sources */,
				BC8AAEFB2B56B5B5001069BB /* StoryHistoryDTO.swift in Sources */,
				BC7298822B53F80E0012B797 /* StoryHelper.swift in Sources */,
			);
			runOnlyForDeploymentPostprocessing = 0;
		};
/* End PBXSourcesBuildPhase section */

/* Begin XCBuildConfiguration section */
		BC340EFC2B4E9FD000FBA119 /* Debug */ = {
			isa = XCBuildConfiguration;
			buildSettings = {
				ALWAYS_SEARCH_USER_PATHS = NO;
				ASSETCATALOG_COMPILER_GENERATE_SWIFT_ASSET_SYMBOL_EXTENSIONS = YES;
				CLANG_ANALYZER_NONNULL = YES;
				CLANG_ANALYZER_NUMBER_OBJECT_CONVERSION = YES_AGGRESSIVE;
				CLANG_CXX_LANGUAGE_STANDARD = "gnu++20";
				CLANG_ENABLE_MODULES = YES;
				CLANG_ENABLE_OBJC_ARC = YES;
				CLANG_ENABLE_OBJC_WEAK = YES;
				CLANG_WARN_BLOCK_CAPTURE_AUTORELEASING = YES;
				CLANG_WARN_BOOL_CONVERSION = YES;
				CLANG_WARN_COMMA = YES;
				CLANG_WARN_CONSTANT_CONVERSION = YES;
				CLANG_WARN_DEPRECATED_OBJC_IMPLEMENTATIONS = YES;
				CLANG_WARN_DIRECT_OBJC_ISA_USAGE = YES_ERROR;
				CLANG_WARN_DOCUMENTATION_COMMENTS = YES;
				CLANG_WARN_EMPTY_BODY = YES;
				CLANG_WARN_ENUM_CONVERSION = YES;
				CLANG_WARN_INFINITE_RECURSION = YES;
				CLANG_WARN_INT_CONVERSION = YES;
				CLANG_WARN_NON_LITERAL_NULL_CONVERSION = YES;
				CLANG_WARN_OBJC_IMPLICIT_RETAIN_SELF = YES;
				CLANG_WARN_OBJC_LITERAL_CONVERSION = YES;
				CLANG_WARN_OBJC_ROOT_CLASS = YES_ERROR;
				CLANG_WARN_QUOTED_INCLUDE_IN_FRAMEWORK_HEADER = YES;
				CLANG_WARN_RANGE_LOOP_ANALYSIS = YES;
				CLANG_WARN_STRICT_PROTOTYPES = YES;
				CLANG_WARN_SUSPICIOUS_MOVE = YES;
				CLANG_WARN_UNGUARDED_AVAILABILITY = YES_AGGRESSIVE;
				CLANG_WARN_UNREACHABLE_CODE = YES;
				CLANG_WARN__DUPLICATE_METHOD_MATCH = YES;
				COPY_PHASE_STRIP = NO;
				DEBUG_INFORMATION_FORMAT = dwarf;
				ENABLE_STRICT_OBJC_MSGSEND = YES;
				ENABLE_TESTABILITY = YES;
				ENABLE_USER_SCRIPT_SANDBOXING = YES;
				GCC_C_LANGUAGE_STANDARD = gnu17;
				GCC_DYNAMIC_NO_PIC = NO;
				GCC_NO_COMMON_BLOCKS = YES;
				GCC_OPTIMIZATION_LEVEL = 0;
				GCC_PREPROCESSOR_DEFINITIONS = (
					"DEBUG=1",
					"$(inherited)",
				);
				GCC_WARN_64_TO_32_BIT_CONVERSION = YES;
				GCC_WARN_ABOUT_RETURN_TYPE = YES_ERROR;
				GCC_WARN_UNDECLARED_SELECTOR = YES;
				GCC_WARN_UNINITIALIZED_AUTOS = YES_AGGRESSIVE;
				GCC_WARN_UNUSED_FUNCTION = YES;
				GCC_WARN_UNUSED_VARIABLE = YES;
				IPHONEOS_DEPLOYMENT_TARGET = 17.0;
				LOCALIZATION_PREFERS_STRING_CATALOGS = YES;
				MTL_ENABLE_DEBUG_INFO = INCLUDE_SOURCE;
				MTL_FAST_MATH = YES;
				ONLY_ACTIVE_ARCH = YES;
				SDKROOT = iphoneos;
				SWIFT_ACTIVE_COMPILATION_CONDITIONS = "DEBUG $(inherited)";
				SWIFT_OPTIMIZATION_LEVEL = "-Onone";
			};
			name = Debug;
		};
		BC340EFD2B4E9FD000FBA119 /* Release */ = {
			isa = XCBuildConfiguration;
			buildSettings = {
				ALWAYS_SEARCH_USER_PATHS = NO;
				ASSETCATALOG_COMPILER_GENERATE_SWIFT_ASSET_SYMBOL_EXTENSIONS = YES;
				CLANG_ANALYZER_NONNULL = YES;
				CLANG_ANALYZER_NUMBER_OBJECT_CONVERSION = YES_AGGRESSIVE;
				CLANG_CXX_LANGUAGE_STANDARD = "gnu++20";
				CLANG_ENABLE_MODULES = YES;
				CLANG_ENABLE_OBJC_ARC = YES;
				CLANG_ENABLE_OBJC_WEAK = YES;
				CLANG_WARN_BLOCK_CAPTURE_AUTORELEASING = YES;
				CLANG_WARN_BOOL_CONVERSION = YES;
				CLANG_WARN_COMMA = YES;
				CLANG_WARN_CONSTANT_CONVERSION = YES;
				CLANG_WARN_DEPRECATED_OBJC_IMPLEMENTATIONS = YES;
				CLANG_WARN_DIRECT_OBJC_ISA_USAGE = YES_ERROR;
				CLANG_WARN_DOCUMENTATION_COMMENTS = YES;
				CLANG_WARN_EMPTY_BODY = YES;
				CLANG_WARN_ENUM_CONVERSION = YES;
				CLANG_WARN_INFINITE_RECURSION = YES;
				CLANG_WARN_INT_CONVERSION = YES;
				CLANG_WARN_NON_LITERAL_NULL_CONVERSION = YES;
				CLANG_WARN_OBJC_IMPLICIT_RETAIN_SELF = YES;
				CLANG_WARN_OBJC_LITERAL_CONVERSION = YES;
				CLANG_WARN_OBJC_ROOT_CLASS = YES_ERROR;
				CLANG_WARN_QUOTED_INCLUDE_IN_FRAMEWORK_HEADER = YES;
				CLANG_WARN_RANGE_LOOP_ANALYSIS = YES;
				CLANG_WARN_STRICT_PROTOTYPES = YES;
				CLANG_WARN_SUSPICIOUS_MOVE = YES;
				CLANG_WARN_UNGUARDED_AVAILABILITY = YES_AGGRESSIVE;
				CLANG_WARN_UNREACHABLE_CODE = YES;
				CLANG_WARN__DUPLICATE_METHOD_MATCH = YES;
				COPY_PHASE_STRIP = NO;
				DEBUG_INFORMATION_FORMAT = "dwarf-with-dsym";
				ENABLE_NS_ASSERTIONS = NO;
				ENABLE_STRICT_OBJC_MSGSEND = YES;
				ENABLE_USER_SCRIPT_SANDBOXING = YES;
				GCC_C_LANGUAGE_STANDARD = gnu17;
				GCC_NO_COMMON_BLOCKS = YES;
				GCC_WARN_64_TO_32_BIT_CONVERSION = YES;
				GCC_WARN_ABOUT_RETURN_TYPE = YES_ERROR;
				GCC_WARN_UNDECLARED_SELECTOR = YES;
				GCC_WARN_UNINITIALIZED_AUTOS = YES_AGGRESSIVE;
				GCC_WARN_UNUSED_FUNCTION = YES;
				GCC_WARN_UNUSED_VARIABLE = YES;
				IPHONEOS_DEPLOYMENT_TARGET = 17.0;
				LOCALIZATION_PREFERS_STRING_CATALOGS = YES;
				MTL_ENABLE_DEBUG_INFO = NO;
				MTL_FAST_MATH = YES;
				SDKROOT = iphoneos;
				SWIFT_COMPILATION_MODE = wholemodule;
				VALIDATE_PRODUCT = YES;
			};
			name = Release;
		};
		BC340EFF2B4E9FD000FBA119 /* Debug */ = {
			isa = XCBuildConfiguration;
			buildSettings = {
				ASSETCATALOG_COMPILER_APPICON_NAME = AppIcon;
				ASSETCATALOG_COMPILER_GLOBAL_ACCENT_COLOR_NAME = AccentColor;
				CODE_SIGN_STYLE = Automatic;
				CURRENT_PROJECT_VERSION = 1;
				DEVELOPMENT_ASSET_PATHS = "\"ChooseYourDestinyGame/Preview Content\"";
				ENABLE_PREVIEWS = YES;
				GENERATE_INFOPLIST_FILE = YES;
				INFOPLIST_FILE = ChooseYourDestinyGame/Info.plist;
				INFOPLIST_KEY_UIApplicationSceneManifest_Generation = YES;
				INFOPLIST_KEY_UIApplicationSupportsIndirectInputEvents = YES;
				INFOPLIST_KEY_UILaunchScreen_Generation = YES;
				INFOPLIST_KEY_UISupportedInterfaceOrientations_iPad = "UIInterfaceOrientationPortrait UIInterfaceOrientationPortraitUpsideDown UIInterfaceOrientationLandscapeLeft UIInterfaceOrientationLandscapeRight";
				INFOPLIST_KEY_UISupportedInterfaceOrientations_iPhone = "UIInterfaceOrientationPortrait UIInterfaceOrientationLandscapeLeft UIInterfaceOrientationLandscapeRight";
				LD_RUNPATH_SEARCH_PATHS = (
					"$(inherited)",
					"@executable_path/Frameworks",
				);
				MARKETING_VERSION = 1.0;
				PRODUCT_BUNDLE_IDENTIFIER = com.burak.ChooseYourDestinyGame;
				PRODUCT_NAME = "$(TARGET_NAME)";
				SWIFT_EMIT_LOC_STRINGS = YES;
				SWIFT_VERSION = 5.0;
				TARGETED_DEVICE_FAMILY = "1,2";
			};
			name = Debug;
		};
		BC340F002B4E9FD000FBA119 /* Release */ = {
			isa = XCBuildConfiguration;
			buildSettings = {
				ASSETCATALOG_COMPILER_APPICON_NAME = AppIcon;
				ASSETCATALOG_COMPILER_GLOBAL_ACCENT_COLOR_NAME = AccentColor;
				CODE_SIGN_STYLE = Automatic;
				CURRENT_PROJECT_VERSION = 1;
				DEVELOPMENT_ASSET_PATHS = "\"ChooseYourDestinyGame/Preview Content\"";
				ENABLE_PREVIEWS = YES;
				GENERATE_INFOPLIST_FILE = YES;
				INFOPLIST_FILE = ChooseYourDestinyGame/Info.plist;
				INFOPLIST_KEY_UIApplicationSceneManifest_Generation = YES;
				INFOPLIST_KEY_UIApplicationSupportsIndirectInputEvents = YES;
				INFOPLIST_KEY_UILaunchScreen_Generation = YES;
				INFOPLIST_KEY_UISupportedInterfaceOrientations_iPad = "UIInterfaceOrientationPortrait UIInterfaceOrientationPortraitUpsideDown UIInterfaceOrientationLandscapeLeft UIInterfaceOrientationLandscapeRight";
				INFOPLIST_KEY_UISupportedInterfaceOrientations_iPhone = "UIInterfaceOrientationPortrait UIInterfaceOrientationLandscapeLeft UIInterfaceOrientationLandscapeRight";
				LD_RUNPATH_SEARCH_PATHS = (
					"$(inherited)",
					"@executable_path/Frameworks",
				);
				MARKETING_VERSION = 1.0;
				PRODUCT_BUNDLE_IDENTIFIER = com.burak.ChooseYourDestinyGame;
				PRODUCT_NAME = "$(TARGET_NAME)";
				SWIFT_EMIT_LOC_STRINGS = YES;
				SWIFT_VERSION = 5.0;
				TARGETED_DEVICE_FAMILY = "1,2";
			};
			name = Release;
		};
/* End XCBuildConfiguration section */

/* Begin XCConfigurationList section */
		BC340EEB2B4E9FCF00FBA119 /* Build configuration list for PBXProject "ChooseYourDestinyGame" */ = {
			isa = XCConfigurationList;
			buildConfigurations = (
				BC340EFC2B4E9FD000FBA119 /* Debug */,
				BC340EFD2B4E9FD000FBA119 /* Release */,
			);
			defaultConfigurationIsVisible = 0;
			defaultConfigurationName = Release;
		};
		BC340EFE2B4E9FD000FBA119 /* Build configuration list for PBXNativeTarget "ChooseYourDestinyGame" */ = {
			isa = XCConfigurationList;
			buildConfigurations = (
				BC340EFF2B4E9FD000FBA119 /* Debug */,
				BC340F002B4E9FD000FBA119 /* Release */,
			);
			defaultConfigurationIsVisible = 0;
			defaultConfigurationName = Release;
		};
/* End XCConfigurationList section */

/* Begin XCRemoteSwiftPackageReference section */
		BC340F142B4EA71500FBA119 /* XCRemoteSwiftPackageReference "supabase-swift" */ = {
			isa = XCRemoteSwiftPackageReference;
			repositoryURL = "https://github.com/supabase-community/supabase-swift.git";
			requirement = {
				kind = upToNextMajorVersion;
				minimumVersion = 2.1.0;
			};
		};
/* End XCRemoteSwiftPackageReference section */

/* Begin XCSwiftPackageProductDependency section */
		BC340F152B4EA71500FBA119 /* Auth */ = {
			isa = XCSwiftPackageProductDependency;
			package = BC340F142B4EA71500FBA119 /* XCRemoteSwiftPackageReference "supabase-swift" */;
			productName = Auth;
		};
		BC340F172B4EA71500FBA119 /* Functions */ = {
			isa = XCSwiftPackageProductDependency;
			package = BC340F142B4EA71500FBA119 /* XCRemoteSwiftPackageReference "supabase-swift" */;
			productName = Functions;
		};
		BC340F192B4EA71500FBA119 /* PostgREST */ = {
			isa = XCSwiftPackageProductDependency;
			package = BC340F142B4EA71500FBA119 /* XCRemoteSwiftPackageReference "supabase-swift" */;
			productName = PostgREST;
		};
		BC340F1B2B4EA71500FBA119 /* Realtime */ = {
			isa = XCSwiftPackageProductDependency;
			package = BC340F142B4EA71500FBA119 /* XCRemoteSwiftPackageReference "supabase-swift" */;
			productName = Realtime;
		};
		BC340F1D2B4EA71500FBA119 /* Storage */ = {
			isa = XCSwiftPackageProductDependency;
			package = BC340F142B4EA71500FBA119 /* XCRemoteSwiftPackageReference "supabase-swift" */;
			productName = Storage;
		};
		BC340F212B4EA76300FBA119 /* Auth */ = {
			isa = XCSwiftPackageProductDependency;
			package = BC340F142B4EA71500FBA119 /* XCRemoteSwiftPackageReference "supabase-swift" */;
			productName = Auth;
		};
		BC340F232B4EA76300FBA119 /* Functions */ = {
			isa = XCSwiftPackageProductDependency;
			package = BC340F142B4EA71500FBA119 /* XCRemoteSwiftPackageReference "supabase-swift" */;
			productName = Functions;
		};
		BC340F252B4EA76300FBA119 /* PostgREST */ = {
			isa = XCSwiftPackageProductDependency;
			package = BC340F142B4EA71500FBA119 /* XCRemoteSwiftPackageReference "supabase-swift" */;
			productName = PostgREST;
		};
		BC340F272B4EA76300FBA119 /* Realtime */ = {
			isa = XCSwiftPackageProductDependency;
			package = BC340F142B4EA71500FBA119 /* XCRemoteSwiftPackageReference "supabase-swift" */;
			productName = Realtime;
		};
		BC340F292B4EA76300FBA119 /* Storage */ = {
			isa = XCSwiftPackageProductDependency;
			package = BC340F142B4EA71500FBA119 /* XCRemoteSwiftPackageReference "supabase-swift" */;
			productName = Storage;
		};
		BC340F2B2B4EA78200FBA119 /* Auth */ = {
			isa = XCSwiftPackageProductDependency;
			package = BC340F142B4EA71500FBA119 /* XCRemoteSwiftPackageReference "supabase-swift" */;
			productName = Auth;
		};
		BC340F2D2B4EA78200FBA119 /* Functions */ = {
			isa = XCSwiftPackageProductDependency;
			package = BC340F142B4EA71500FBA119 /* XCRemoteSwiftPackageReference "supabase-swift" */;
			productName = Functions;
		};
		BC340F2F2B4EA78200FBA119 /* PostgREST */ = {
			isa = XCSwiftPackageProductDependency;
			package = BC340F142B4EA71500FBA119 /* XCRemoteSwiftPackageReference "supabase-swift" */;
			productName = PostgREST;
		};
		BC340F312B4EA78200FBA119 /* Realtime */ = {
			isa = XCSwiftPackageProductDependency;
			package = BC340F142B4EA71500FBA119 /* XCRemoteSwiftPackageReference "supabase-swift" */;
			productName = Realtime;
		};
		BC340F332B4EA78200FBA119 /* Storage */ = {
			isa = XCSwiftPackageProductDependency;
			package = BC340F142B4EA71500FBA119 /* XCRemoteSwiftPackageReference "supabase-swift" */;
			productName = Storage;
		};
		BCCF85502B4EA80F00F99CD7 /* Auth */ = {
			isa = XCSwiftPackageProductDependency;
			package = BC340F142B4EA71500FBA119 /* XCRemoteSwiftPackageReference "supabase-swift" */;
			productName = Auth;
		};
		BCCF85522B4EA80F00F99CD7 /* Functions */ = {
			isa = XCSwiftPackageProductDependency;
			package = BC340F142B4EA71500FBA119 /* XCRemoteSwiftPackageReference "supabase-swift" */;
			productName = Functions;
		};
		BCCF85542B4EA80F00F99CD7 /* PostgREST */ = {
			isa = XCSwiftPackageProductDependency;
			package = BC340F142B4EA71500FBA119 /* XCRemoteSwiftPackageReference "supabase-swift" */;
			productName = PostgREST;
		};
		BCCF85562B4EA80F00F99CD7 /* Realtime */ = {
			isa = XCSwiftPackageProductDependency;
			package = BC340F142B4EA71500FBA119 /* XCRemoteSwiftPackageReference "supabase-swift" */;
			productName = Realtime;
		};
		BCCF85582B4EA80F00F99CD7 /* Storage */ = {
			isa = XCSwiftPackageProductDependency;
			package = BC340F142B4EA71500FBA119 /* XCRemoteSwiftPackageReference "supabase-swift" */;
			productName = Storage;
		};
		BCCF855A2B4EA80F00F99CD7 /* Supabase */ = {
			isa = XCSwiftPackageProductDependency;
			package = BC340F142B4EA71500FBA119 /* XCRemoteSwiftPackageReference "supabase-swift" */;
			productName = Supabase;
		};
/* End XCSwiftPackageProductDependency section */
	};
	rootObject = BC340EE82B4E9FCF00FBA119 /* Project object */;
}
